
Microsoft Visual Studio Solution File, Format Version 12.00
# Visual Studio 15
Project("{FAE04EC0-301F-11D3-BF4B-00C04F79EFBC}") = "Assembly-CSharp", "Assembly-CSharp.csproj", "{F6FF6B64-9774-1910-20B7-898DF176BFE8}"
EndProject
Project("{FAE04EC0-301F-11D3-BF4B-00C04F79EFBC}") = "Assembly-CSharp-Editor", "Assembly-CSharp-Editor.csproj", "{794B54E3-D2EA-F8A9-5751-15528E8E5575}"
EndProject
Global
	GlobalSection(SolutionConfigurationPlatforms) = preSolution
		Debug|Any CPU = Debug|Any CPU
		Release|Any CPU = Release|Any CPU
	EndGlobalSection
	GlobalSection(ProjectConfigurationPlatforms) = postSolution
		{F6FF6B64-9774-1910-20B7-898DF176BFE8}.Debug|Any CPU.ActiveCfg = Debug|Any CPU
		{F6FF6B64-9774-1910-20B7-898DF176BFE8}.Debug|Any CPU.Build.0 = Debug|Any CPU
		{F6FF6B64-9774-1910-20B7-898DF176BFE8}.Release|Any CPU.ActiveCfg = Release|Any CPU
		{F6FF6B64-9774-1910-20B7-898DF176BFE8}.Release|Any CPU.Build.0 = Release|Any CPU
		{794B54E3-D2EA-F8A9-5751-15528E8E5575}.Debug|Any CPU.ActiveCfg = Debug|Any CPU
		{794B54E3-D2EA-F8A9-5751-15528E8E5575}.Debug|Any CPU.Build.0 = Debug|Any CPU
		{794B54E3-D2EA-F8A9-5751-15528E8E5575}.Release|Any CPU.ActiveCfg = Release|Any CPU
		{794B54E3-D2EA-F8A9-5751-15528E8E5575}.Release|Any CPU.Build.0 = Release|Any CPU
	EndGlobalSection
	GlobalSection(SolutionProperties) = preSolution
		HideSolutionNode = FALSE
	EndGlobalSection
EndGlobal
